
Microsoft Visual Studio Solution File, Format Version 12.00
# Visual Studio Version 16
VisualStudioVersion = 16.0.31205.134
MinimumVisualStudioVersion = 10.0.40219.1
Project("{FAE04EC0-301F-11D3-BF4B-00C04F79EFBC}") = "WebApplication1", "WebApplication1\WebApplication1.csproj", "{BCD31A8E-2B8F-45C2-AE3A-D83A870C067B}"
EndProject
Global
	GlobalSection(SolutionConfigurationPlatforms) = preSolution
		Debug|Any CPU = Debug|Any CPU
		Release|Any CPU = Release|Any CPU
	EndGlobalSection
	GlobalSection(ProjectConfigurationPlatforms) = postSolution
		{BCD31A8E-2B8F-45C2-AE3A-D83A870C067B}.Debug|Any CPU.ActiveCfg = Debug|Any CPU
		{BCD31A8E-2B8F-45C2-AE3A-D83A870C067B}.Debug|Any CPU.Build.0 = Debug|Any CPU
		{BCD31A8E-2B8F-45C2-AE3A-D83A870C067B}.Release|Any CPU.ActiveCfg = Release|Any CPU
		{BCD31A8E-2B8F-45C2-AE3A-D83A870C067B}.Release|Any CPU.Build.0 = Release|Any CPU
	EndGlobalSection
	GlobalSection(SolutionProperties) = preSolution
		HideSolutionNode = FALSE
	EndGlobalSection
	GlobalSection(ExtensibilityGlobals) = postSolution
		SolutionGuid = {B5586611-F0C6-4C20-8CF4-01A9EE656CC5}
	EndGlobalSection
EndGlobal
